<?xml version="1.0" encoding="utf-8"?>
<Project ToolsVersion="4.0" xmlns="http://schemas.microsoft.com/developer/msbuild/2003">
  <ItemGroup>
    <ClCompile Include="DarkNight.cpp" />
    <ClCompile Include="Camera.cpp" />
    <ClCompile Include="fontstash.c" />
    <ClCompile Include="MainMenuEntry.cpp" />
    <ClCompile Include="Vector3f.cpp" />
    <ClCompile Include="stb_truetype.c" />
    <ClCompile Include="Shader.cpp" />
    <ClCompile Include="SoundManager.cpp">
      <Filter>Sound</Filter>
    </ClCompile>
  </ItemGroup>
  <ItemGroup>
    <ClInclude Include="Camera.h" />
    <ClInclude Include="Vector3f.h" />
    <ClInclude Include="fontstash.h" />
    <ClInclude Include="MainMenuEntry.h" />
    <ClInclude Include="stb_truetype.h" />
    <ClInclude Include="Shader.h" />
    <ClInclude Include="SoundManager.h">
      <Filter>Sound</Filter>
    </ClInclude>
  </ItemGroup>
  <ItemGroup>
    <Filter Include="Sound">
      <UniqueIdentifier>{a2519792-f6df-4639-bd53-d552bb6a6d1a}</UniqueIdentifier>
    </Filter>
  </ItemGroup>
</Project>